
Microsoft Visual Studio Solution File, Format Version 12.00
# Visual Studio Version 17
VisualStudioVersion = 17.0.32014.148
MinimumVisualStudioVersion = 10.0.40219.1
Project("{9A19103F-16F7-4668-BE54-9A1E7A4F7556}") = "TemplateProject", "TemplateProject\TemplateProject.csproj", "{029F0096-BBEA-4C50-B4D1-4C68C3D16AA8}"
EndProject
Project("{9A19103F-16F7-4668-BE54-9A1E7A4F7556}") = "AoCUtilities", "AoCUtilities\AoCUtilities.csproj", "{A33E73EE-AD43-4AE7-8074-8F981ED807FD}"
EndProject
Project("{9A19103F-16F7-4668-BE54-9A1E7A4F7556}") = "Day_1_Not_Quite_Lisp", "Day_1_Not_Quite_Lisp\Day_1_Not_Quite_Lisp.csproj", "{4E08D9C8-7A0E-4060-83B7-1C9B265ED504}"
EndProject
Project("{FAE04EC0-301F-11D3-BF4B-00C04F79EFBC}") = "Day_2_I_Was_Told_There_Would_Be_No_Math", "Day_2_I_Was_Told_There_Would_Be_No_Math\Day_2_I_Was_Told_There_Would_Be_No_Math.csproj", "{B86FE9F4-18A9-4645-9862-F651356B863C}"
EndProject
Project("{FAE04EC0-301F-11D3-BF4B-00C04F79EFBC}") = "Day_3_Perfectly_Spherical_Houses_in_a_Vacuum", "Day_3_Perfectly_Spherical_Houses_in_a_Vacuum\Day_3_Perfectly_Spherical_Houses_in_a_Vacuum.csproj", "{962C4CCC-DDA0-4289-AB7B-623CF37FFFCD}"
EndProject
Project("{FAE04EC0-301F-11D3-BF4B-00C04F79EFBC}") = "Day_4_The_Ideal_Stocking_Stuffer", "Day_4_The_Ideal_Stocking_Stuffer\Day_4_The_Ideal_Stocking_Stuffer.csproj", "{70BA0F0E-6D6C-4FD2-9885-6ABD53A10C53}"
EndProject
Project("{FAE04EC0-301F-11D3-BF4B-00C04F79EFBC}") = "Day_5_Doesn't_He_Have_Intern_Elves_For_This", "Day_5_Doesn't_He_Have_Intern_Elves_For_This\Day_5_Doesn't_He_Have_Intern_Elves_For_This.csproj", "{45BB31EB-C39F-457F-B659-E97DA245A010}"
EndProject
Project("{FAE04EC0-301F-11D3-BF4B-00C04F79EFBC}") = "Day_6_Probably_a_Fire_Hazard", "Day_6_Probably_a_Fire_Hazard\Day_6_Probably_a_Fire_Hazard.csproj", "{FAD448F1-7455-4801-AB7D-853EE06762BC}"
EndProject
Project("{FAE04EC0-301F-11D3-BF4B-00C04F79EFBC}") = "Day_7_Some_Assembly_Required", "Day_7_Some_Assembly_Required\Day_7_Some_Assembly_Required.csproj", "{15CB9D50-FD6D-42D6-B208-66ABF77BA1D8}"
EndProject
Project("{FAE04EC0-301F-11D3-BF4B-00C04F79EFBC}") = "Day_8_Matchsticks", "Day_8_Matchsticks\Day_8_Matchsticks.csproj", "{72BFF915-E961-443E-9C2F-5F7C943DB985}"
EndProject
Project("{FAE04EC0-301F-11D3-BF4B-00C04F79EFBC}") = "Day_9_All_in_a_Single_Night", "Day_9_All_in_a_Single_Night\Day_9_All_in_a_Single_Night.csproj", "{728D8F50-DA02-4DEA-B8C9-919673047CCA}"
EndProject
Global
	GlobalSection(SolutionConfigurationPlatforms) = preSolution
		Debug|Any CPU = Debug|Any CPU
		Release|Any CPU = Release|Any CPU
	EndGlobalSection
	GlobalSection(ProjectConfigurationPlatforms) = postSolution
		{029F0096-BBEA-4C50-B4D1-4C68C3D16AA8}.Debug|Any CPU.ActiveCfg = Debug|Any CPU
		{029F0096-BBEA-4C50-B4D1-4C68C3D16AA8}.Debug|Any CPU.Build.0 = Debug|Any CPU
		{029F0096-BBEA-4C50-B4D1-4C68C3D16AA8}.Release|Any CPU.ActiveCfg = Release|Any CPU
		{029F0096-BBEA-4C50-B4D1-4C68C3D16AA8}.Release|Any CPU.Build.0 = Release|Any CPU
		{A33E73EE-AD43-4AE7-8074-8F981ED807FD}.Debug|Any CPU.ActiveCfg = Debug|Any CPU
		{A33E73EE-AD43-4AE7-8074-8F981ED807FD}.Debug|Any CPU.Build.0 = Debug|Any CPU
		{A33E73EE-AD43-4AE7-8074-8F981ED807FD}.Release|Any CPU.ActiveCfg = Release|Any CPU
		{A33E73EE-AD43-4AE7-8074-8F981ED807FD}.Release|Any CPU.Build.0 = Release|Any CPU
		{4E08D9C8-7A0E-4060-83B7-1C9B265ED504}.Debug|Any CPU.ActiveCfg = Debug|Any CPU
		{4E08D9C8-7A0E-4060-83B7-1C9B265ED504}.Debug|Any CPU.Build.0 = Debug|Any CPU
		{4E08D9C8-7A0E-4060-83B7-1C9B265ED504}.Release|Any CPU.ActiveCfg = Release|Any CPU
		{4E08D9C8-7A0E-4060-83B7-1C9B265ED504}.Release|Any CPU.Build.0 = Release|Any CPU
		{B86FE9F4-18A9-4645-9862-F651356B863C}.Debug|Any CPU.ActiveCfg = Debug|Any CPU
		{B86FE9F4-18A9-4645-9862-F651356B863C}.Debug|Any CPU.Build.0 = Debug|Any CPU
		{B86FE9F4-18A9-4645-9862-F651356B863C}.Release|Any CPU.ActiveCfg = Release|Any CPU
		{B86FE9F4-18A9-4645-9862-F651356B863C}.Release|Any CPU.Build.0 = Release|Any CPU
		{962C4CCC-DDA0-4289-AB7B-623CF37FFFCD}.Debug|Any CPU.ActiveCfg = Debug|Any CPU
		{962C4CCC-DDA0-4289-AB7B-623CF37FFFCD}.Debug|Any CPU.Build.0 = Debug|Any CPU
		{962C4CCC-DDA0-4289-AB7B-623CF37FFFCD}.Release|Any CPU.ActiveCfg = Release|Any CPU
		{962C4CCC-DDA0-4289-AB7B-623CF37FFFCD}.Release|Any CPU.Build.0 = Release|Any CPU
		{70BA0F0E-6D6C-4FD2-9885-6ABD53A10C53}.Debug|Any CPU.ActiveCfg = Debug|Any CPU
		{70BA0F0E-6D6C-4FD2-9885-6ABD53A10C53}.Debug|Any CPU.Build.0 = Debug|Any CPU
		{70BA0F0E-6D6C-4FD2-9885-6ABD53A10C53}.Release|Any CPU.ActiveCfg = Release|Any CPU
		{70BA0F0E-6D6C-4FD2-9885-6ABD53A10C53}.Release|Any CPU.Build.0 = Release|Any CPU
		{45BB31EB-C39F-457F-B659-E97DA245A010}.Debug|Any CPU.ActiveCfg = Debug|Any CPU
		{45BB31EB-C39F-457F-B659-E97DA245A010}.Debug|Any CPU.Build.0 = Debug|Any CPU
		{45BB31EB-C39F-457F-B659-E97DA245A010}.Release|Any CPU.ActiveCfg = Release|Any CPU
		{45BB31EB-C39F-457F-B659-E97DA245A010}.Release|Any CPU.Build.0 = Release|Any CPU
		{FAD448F1-7455-4801-AB7D-853EE06762BC}.Debug|Any CPU.ActiveCfg = Debug|Any CPU
		{FAD448F1-7455-4801-AB7D-853EE06762BC}.Debug|Any CPU.Build.0 = Debug|Any CPU
		{FAD448F1-7455-4801-AB7D-853EE06762BC}.Release|Any CPU.ActiveCfg = Release|Any CPU
		{FAD448F1-7455-4801-AB7D-853EE06762BC}.Release|Any CPU.Build.0 = Release|Any CPU
		{15CB9D50-FD6D-42D6-B208-66ABF77BA1D8}.Debug|Any CPU.ActiveCfg = Debug|Any CPU
		{15CB9D50-FD6D-42D6-B208-66ABF77BA1D8}.Debug|Any CPU.Build.0 = Debug|Any CPU
		{15CB9D50-FD6D-42D6-B208-66ABF77BA1D8}.Release|Any CPU.ActiveCfg = Release|Any CPU
		{15CB9D50-FD6D-42D6-B208-66ABF77BA1D8}.Release|Any CPU.Build.0 = Release|Any CPU
		{72BFF915-E961-443E-9C2F-5F7C943DB985}.Debug|Any CPU.ActiveCfg = Debug|Any CPU
		{72BFF915-E961-443E-9C2F-5F7C943DB985}.Debug|Any CPU.Build.0 = Debug|Any CPU
		{72BFF915-E961-443E-9C2F-5F7C943DB985}.Release|Any CPU.ActiveCfg = Release|Any CPU
		{72BFF915-E961-443E-9C2F-5F7C943DB985}.Release|Any CPU.Build.0 = Release|Any CPU
		{728D8F50-DA02-4DEA-B8C9-919673047CCA}.Debug|Any CPU.ActiveCfg = Debug|Any CPU
		{728D8F50-DA02-4DEA-B8C9-919673047CCA}.Debug|Any CPU.Build.0 = Debug|Any CPU
		{728D8F50-DA02-4DEA-B8C9-919673047CCA}.Release|Any CPU.ActiveCfg = Release|Any CPU
		{728D8F50-DA02-4DEA-B8C9-919673047CCA}.Release|Any CPU.Build.0 = Release|Any CPU
	EndGlobalSection
	GlobalSection(SolutionProperties) = preSolution
		HideSolutionNode = FALSE
	EndGlobalSection
	GlobalSection(ExtensibilityGlobals) = postSolution
		SolutionGuid = {408FEDB9-7740-4AAE-8F73-ADC851E30817}
	EndGlobalSection
EndGlobal
